
Microsoft Visual Studio Solution File, Format Version 12.00
# Visual Studio Version 16
VisualStudioVersion = 16.0.33927.289
MinimumVisualStudioVersion = 10.0.40219.1
Project("{2150E333-8FDC-42A3-9474-1A3956D46DE8}") = "Task0", "Task0", "{068CCD3C-D954-4567-BCF5-8AECFE508E86}"
EndProject
Project("{FAE04EC0-301F-11D3-BF4B-00C04F79EFBC}") = "Tyuiu.MeshcheryakovPV.Sprint0.Task0.V0", "Tyuiu.MeshcheryakovPV.Sprint0.Task0.V0\Tyuiu.MeshcheryakovPV.Sprint0.Task0.V0.csproj", "{CA37CF5A-BBC0-4989-B98A-B0866E36FB2E}"
EndProject
Project("{2150E333-8FDC-42A3-9474-1A3956D46DE8}") = "Task1", "Task1", "{0396DB2D-9E03-4E7D-90AC-C99965C97AE8}"
EndProject
Project("{FAE04EC0-301F-11D3-BF4B-00C04F79EFBC}") = "Tyuiu.MeshcheryakovPV.Sprint0.Task1.V0", "Tyuiu.MeshcheryakovPV.Sprint0.Task1.V0\Tyuiu.MeshcheryakovPV.Sprint0.Task1.V0.csproj", "{B2A420CA-2006-4908-A681-DE3043792A8F}"
EndProject
Project("{2150E333-8FDC-42A3-9474-1A3956D46DE8}") = "Task2", "Task2", "{425FA4FB-1482-4CA7-BA27-7AE55A93CE28}"
EndProject
Project("{FAE04EC0-301F-11D3-BF4B-00C04F79EFBC}") = "Tyuiu.MeshcheryakovPV.Sprint0.Task2.V0", "Tyuiu.MeshcheryakovPV.Sprint0.Task2.V0\Tyuiu.MeshcheryakovPV.Sprint0.Task2.V0.csproj", "{062C233F-45C2-4C87-8F97-A65EEE87DA0A}"
EndProject
Project("{FAE04EC0-301F-11D3-BF4B-00C04F79EFBC}") = "Tyuiu.MeshcheryakovPV.Sprint0.Task2.V0.Lib", "Tyuiu.MeshcheryakovPV.Sprint0.Task2.V0.Lib\Tyuiu.MeshcheryakovPV.Sprint0.Task2.V0.Lib.csproj", "{392EA1E5-229C-4376-AF07-C2D860039C9E}"
EndProject
Project("{FAE04EC0-301F-11D3-BF4B-00C04F79EFBC}") = "Tyuiu.MeshcheryakovPV.Sprint0.Task2.V0.Test", "Tyuiu.MeshcheryakovPV.Sprint0.Task2.V0.Test\Tyuiu.MeshcheryakovPV.Sprint0.Task2.V0.Test.csproj", "{C24FC79B-6524-4260-9F17-5C42D34BA80A}"
EndProject
Project("{2150E333-8FDC-42A3-9474-1A3956D46DE8}") = "Task3", "Task3", "{79E84954-6215-4FB2-A849-F37276913A4E}"
EndProject
Project("{FAE04EC0-301F-11D3-BF4B-00C04F79EFBC}") = "Tyuiu.MeshcheryakovPV.Sprint0.Task3.V0", "Tyuiu.MeshcheryakovPV.Sprint0.Task3.V0\Tyuiu.MeshcheryakovPV.Sprint0.Task3.V0.csproj", "{1D153D35-25BD-42F7-9B01-2197F12057DB}"
EndProject
Project("{FAE04EC0-301F-11D3-BF4B-00C04F79EFBC}") = "Tyuiu.MeshcheryakovPV.Sprint0.Task3.V0.Lib", "Tyuiu.MeshcheryakovPV.Sprint0.Task3.V0.Lib\Tyuiu.MeshcheryakovPV.Sprint0.Task3.V0.Lib.csproj", "{455D9E7A-2DC7-4549-866B-655AEF97B8AD}"
EndProject
Project("{FAE04EC0-301F-11D3-BF4B-00C04F79EFBC}") = "Tyuiu.MeshcheryakovPV.Sprint0.Task3.V0.Test", "Tyuiu.MeshcheryakovPV.Sprint0.Task3.V0.Test\Tyuiu.MeshcheryakovPV.Sprint0.Task3.V0.Test.csproj", "{AF03D5C7-F0CC-426A-A7E4-97F2D366F35C}"
EndProject
Project("{2150E333-8FDC-42A3-9474-1A3956D46DE8}") = "Task4", "Task4", "{FD09D9F7-75C3-49A9-99D5-5D313A8BFB3D}"
EndProject
Project("{FAE04EC0-301F-11D3-BF4B-00C04F79EFBC}") = "Tyuiu.MeshcheryakovPV.Sprint0.Task4.V0", "Tyuiu.MeshcheryakovPV.Sprint0.Task4.V0\Tyuiu.MeshcheryakovPV.Sprint0.Task4.V0.csproj", "{2AA958E9-2753-4E77-938D-73E18B09C08C}"
EndProject
Project("{FAE04EC0-301F-11D3-BF4B-00C04F79EFBC}") = "Tyuiu.MeshcheryakovPV.Sprint0.Task4.V0.Lib", "Tyuiu.MeshcheryakovPV.Sprint0.Task4.V0.Lib\Tyuiu.MeshcheryakovPV.Sprint0.Task4.V0.Lib.csproj", "{A573DBBC-CF81-4C57-BC3A-934F22F73F30}"
EndProject
Project("{FAE04EC0-301F-11D3-BF4B-00C04F79EFBC}") = "Tyuiu.MeshcheryakovPV.Sprint0.Task4.V0.Test", "Tyuiu.MeshcheryakovPV.Sprint0.Task4.V0.Test\Tyuiu.MeshcheryakovPV.Sprint0.Task4.V0.Test.csproj", "{F66E4940-365A-424D-A619-6F8236E4A6E1}"
EndProject
Global
	GlobalSection(SolutionConfigurationPlatforms) = preSolution
		Debug|Any CPU = Debug|Any CPU
		Release|Any CPU = Release|Any CPU
	EndGlobalSection
	GlobalSection(ProjectConfigurationPlatforms) = postSolution
		{CA37CF5A-BBC0-4989-B98A-B0866E36FB2E}.Debug|Any CPU.ActiveCfg = Debug|Any CPU
		{CA37CF5A-BBC0-4989-B98A-B0866E36FB2E}.Debug|Any CPU.Build.0 = Debug|Any CPU
		{CA37CF5A-BBC0-4989-B98A-B0866E36FB2E}.Release|Any CPU.ActiveCfg = Release|Any CPU
		{CA37CF5A-BBC0-4989-B98A-B0866E36FB2E}.Release|Any CPU.Build.0 = Release|Any CPU
		{B2A420CA-2006-4908-A681-DE3043792A8F}.Debug|Any CPU.ActiveCfg = Debug|Any CPU
		{B2A420CA-2006-4908-A681-DE3043792A8F}.Debug|Any CPU.Build.0 = Debug|Any CPU
		{B2A420CA-2006-4908-A681-DE3043792A8F}.Release|Any CPU.ActiveCfg = Release|Any CPU
		{B2A420CA-2006-4908-A681-DE3043792A8F}.Release|Any CPU.Build.0 = Release|Any CPU
		{062C233F-45C2-4C87-8F97-A65EEE87DA0A}.Debug|Any CPU.ActiveCfg = Debug|Any CPU
		{062C233F-45C2-4C87-8F97-A65EEE87DA0A}.Debug|Any CPU.Build.0 = Debug|Any CPU
		{062C233F-45C2-4C87-8F97-A65EEE87DA0A}.Release|Any CPU.ActiveCfg = Release|Any CPU
		{062C233F-45C2-4C87-8F97-A65EEE87DA0A}.Release|Any CPU.Build.0 = Release|Any CPU
		{392EA1E5-229C-4376-AF07-C2D860039C9E}.Debug|Any CPU.ActiveCfg = Debug|Any CPU
		{392EA1E5-229C-4376-AF07-C2D860039C9E}.Debug|Any CPU.Build.0 = Debug|Any CPU
		{392EA1E5-229C-4376-AF07-C2D860039C9E}.Release|Any CPU.ActiveCfg = Release|Any CPU
		{392EA1E5-229C-4376-AF07-C2D860039C9E}.Release|Any CPU.Build.0 = Release|Any CPU
		{C24FC79B-6524-4260-9F17-5C42D34BA80A}.Debug|Any CPU.ActiveCfg = Debug|Any CPU
		{C24FC79B-6524-4260-9F17-5C42D34BA80A}.Debug|Any CPU.Build.0 = Debug|Any CPU
		{C24FC79B-6524-4260-9F17-5C42D34BA80A}.Release|Any CPU.ActiveCfg = Release|Any CPU
		{C24FC79B-6524-4260-9F17-5C42D34BA80A}.Release|Any CPU.Build.0 = Release|Any CPU
		{1D153D35-25BD-42F7-9B01-2197F12057DB}.Debug|Any CPU.ActiveCfg = Debug|Any CPU
		{1D153D35-25BD-42F7-9B01-2197F12057DB}.Debug|Any CPU.Build.0 = Debug|Any CPU
		{1D153D35-25BD-42F7-9B01-2197F12057DB}.Release|Any CPU.ActiveCfg = Release|Any CPU
		{1D153D35-25BD-42F7-9B01-2197F12057DB}.Release|Any CPU.Build.0 = Release|Any CPU
		{455D9E7A-2DC7-4549-866B-655AEF97B8AD}.Debug|Any CPU.ActiveCfg = Debug|Any CPU
		{455D9E7A-2DC7-4549-866B-655AEF97B8AD}.Debug|Any CPU.Build.0 = Debug|Any CPU
		{455D9E7A-2DC7-4549-866B-655AEF97B8AD}.Release|Any CPU.ActiveCfg = Release|Any CPU
		{455D9E7A-2DC7-4549-866B-655AEF97B8AD}.Release|Any CPU.Build.0 = Release|Any CPU
		{AF03D5C7-F0CC-426A-A7E4-97F2D366F35C}.Debug|Any CPU.ActiveCfg = Debug|Any CPU
		{AF03D5C7-F0CC-426A-A7E4-97F2D366F35C}.Debug|Any CPU.Build.0 = Debug|Any CPU
		{AF03D5C7-F0CC-426A-A7E4-97F2D366F35C}.Release|Any CPU.ActiveCfg = Release|Any CPU
		{AF03D5C7-F0CC-426A-A7E4-97F2D366F35C}.Release|Any CPU.Build.0 = Release|Any CPU
		{2AA958E9-2753-4E77-938D-73E18B09C08C}.Debug|Any CPU.ActiveCfg = Debug|Any CPU
		{2AA958E9-2753-4E77-938D-73E18B09C08C}.Debug|Any CPU.Build.0 = Debug|Any CPU
		{2AA958E9-2753-4E77-938D-73E18B09C08C}.Release|Any CPU.ActiveCfg = Release|Any CPU
		{2AA958E9-2753-4E77-938D-73E18B09C08C}.Release|Any CPU.Build.0 = Release|Any CPU
		{A573DBBC-CF81-4C57-BC3A-934F22F73F30}.Debug|Any CPU.ActiveCfg = Debug|Any CPU
		{A573DBBC-CF81-4C57-BC3A-934F22F73F30}.Debug|Any CPU.Build.0 = Debug|Any CPU
		{A573DBBC-CF81-4C57-BC3A-934F22F73F30}.Release|Any CPU.ActiveCfg = Release|Any CPU
		{A573DBBC-CF81-4C57-BC3A-934F22F73F30}.Release|Any CPU.Build.0 = Release|Any CPU
		{F66E4940-365A-424D-A619-6F8236E4A6E1}.Debug|Any CPU.ActiveCfg = Debug|Any CPU
		{F66E4940-365A-424D-A619-6F8236E4A6E1}.Debug|Any CPU.Build.0 = Debug|Any CPU
		{F66E4940-365A-424D-A619-6F8236E4A6E1}.Release|Any CPU.ActiveCfg = Release|Any CPU
		{F66E4940-365A-424D-A619-6F8236E4A6E1}.Release|Any CPU.Build.0 = Release|Any CPU
	EndGlobalSection
	GlobalSection(SolutionProperties) = preSolution
		HideSolutionNode = FALSE
	EndGlobalSection
	GlobalSection(NestedProjects) = preSolution
		{CA37CF5A-BBC0-4989-B98A-B0866E36FB2E} = {068CCD3C-D954-4567-BCF5-8AECFE508E86}
		{B2A420CA-2006-4908-A681-DE3043792A8F} = {0396DB2D-9E03-4E7D-90AC-C99965C97AE8}
		{062C233F-45C2-4C87-8F97-A65EEE87DA0A} = {425FA4FB-1482-4CA7-BA27-7AE55A93CE28}
		{392EA1E5-229C-4376-AF07-C2D860039C9E} = {425FA4FB-1482-4CA7-BA27-7AE55A93CE28}
		{C24FC79B-6524-4260-9F17-5C42D34BA80A} = {425FA4FB-1482-4CA7-BA27-7AE55A93CE28}
		{1D153D35-25BD-42F7-9B01-2197F12057DB} = {79E84954-6215-4FB2-A849-F37276913A4E}
		{455D9E7A-2DC7-4549-866B-655AEF97B8AD} = {79E84954-6215-4FB2-A849-F37276913A4E}
		{AF03D5C7-F0CC-426A-A7E4-97F2D366F35C} = {79E84954-6215-4FB2-A849-F37276913A4E}
		{2AA958E9-2753-4E77-938D-73E18B09C08C} = {FD09D9F7-75C3-49A9-99D5-5D313A8BFB3D}
		{A573DBBC-CF81-4C57-BC3A-934F22F73F30} = {FD09D9F7-75C3-49A9-99D5-5D313A8BFB3D}
		{F66E4940-365A-424D-A619-6F8236E4A6E1} = {FD09D9F7-75C3-49A9-99D5-5D313A8BFB3D}
	EndGlobalSection
	GlobalSection(ExtensibilityGlobals) = postSolution
		SolutionGuid = {E82E94B1-33E3-4BCC-A924-9786D2F17304}
	EndGlobalSection
EndGlobal
